
Microsoft Visual Studio Solution File, Format Version 12.00
# Visual Studio Version 17
VisualStudioVersion = 17.7.34009.444
MinimumVisualStudioVersion = 10.0.40219.1
Project("{9A19103F-16F7-4668-BE54-9A1E7A4F7556}") = "CurrencyStatistics", "CurrencyStatistics\CurrencyStatistics.csproj", "{0DF42DFB-6B43-47E0-8905-83D8E1AD7BF6}"
EndProject
Project("{FAE04EC0-301F-11D3-BF4B-00C04F79EFBC}") = "CurrencyStatistics.Tests", "CurrencyStatistics.Tests\CurrencyStatistics.Tests.csproj", "{6509CF1D-31A3-4976-B64B-2CBDD6AD740A}"
EndProject
Global
	GlobalSection(SolutionConfigurationPlatforms) = preSolution
		Debug|Any CPU = Debug|Any CPU
		Release|Any CPU = Release|Any CPU
	EndGlobalSection
	GlobalSection(ProjectConfigurationPlatforms) = postSolution
		{0DF42DFB-6B43-47E0-8905-83D8E1AD7BF6}.Debug|Any CPU.ActiveCfg = Debug|Any CPU
		{0DF42DFB-6B43-47E0-8905-83D8E1AD7BF6}.Debug|Any CPU.Build.0 = Debug|Any CPU
		{0DF42DFB-6B43-47E0-8905-83D8E1AD7BF6}.Release|Any CPU.ActiveCfg = Release|Any CPU
		{0DF42DFB-6B43-47E0-8905-83D8E1AD7BF6}.Release|Any CPU.Build.0 = Release|Any CPU
		{6509CF1D-31A3-4976-B64B-2CBDD6AD740A}.Debug|Any CPU.ActiveCfg = Debug|Any CPU
		{6509CF1D-31A3-4976-B64B-2CBDD6AD740A}.Debug|Any CPU.Build.0 = Debug|Any CPU
		{6509CF1D-31A3-4976-B64B-2CBDD6AD740A}.Release|Any CPU.ActiveCfg = Release|Any CPU
		{6509CF1D-31A3-4976-B64B-2CBDD6AD740A}.Release|Any CPU.Build.0 = Release|Any CPU
	EndGlobalSection
	GlobalSection(SolutionProperties) = preSolution
		HideSolutionNode = FALSE
	EndGlobalSection
	GlobalSection(ExtensibilityGlobals) = postSolution
		SolutionGuid = {61B6B872-416E-44B4-A544-5B0C86E4DF34}
	EndGlobalSection
EndGlobal
